{
  "name": "a11y-devkit",
  "lockfileVersion": 3,
  "requires": true,
  "packages": {
    "": {
      "name": "a11y-devkit",
      "workspaces": [
        "packages/*"
      ]
    },
    "node_modules/a11y-audit-fix-agent-orchestrator-skill": {
      "resolved": "packages/a11y-audit-fix-agent-orchestrator",
      "link": true
    },
    "node_modules/a11y-base-web-skill": {
      "resolved": "packages/a11y-base-web",
      "link": true
    },
    "node_modules/a11y-issue-writer-skill": {
      "resolved": "packages/a11y-issue-writer",
      "link": true
    },
    "node_modules/a11y-remediator-skill": {
      "resolved": "packages/a11y-remediator",
      "link": true
    },
    "node_modules/a11y-tester-skill": {
      "resolved": "packages/a11y-tester",
      "link": true
    },
    "node_modules/a11y-validator-skill": {
      "resolved": "packages/a11y-validator",
      "link": true
    },
    "node_modules/skill-creator-skill": {
      "resolved": "packages/skill-creator",
      "link": true
    },
    "node_modules/web-standards-skill": {
      "resolved": "packages/web-standards",
      "link": true
    },
    "packages/a11y-audit-fix-agent-orchestrator": {
      "name": "a11y-audit-fix-agent-orchestrator-skill",
      "version": "1.2.0",
      "license": "MIT"
    },
    "packages/a11y-base-web": {
      "name": "a11y-base-web-skill",
      "version": "1.2.0",
      "license": "MIT"
    },
    "packages/a11y-issue-writer": {
      "name": "a11y-issue-writer-skill",
      "version": "1.2.0",
      "license": "MIT"
    },
    "packages/a11y-remediator": {
      "name": "a11y-remediator-skill",
      "version": "1.2.0",
      "license": "MIT"
    },
    "packages/a11y-tester": {
      "name": "a11y-tester-skill",
      "version": "1.2.0",
      "license": "MIT"
    },
    "packages/a11y-validator": {
      "name": "a11y-validator-skill",
      "version": "1.2.0",
      "license": "MIT"
    },
    "packages/skill-creator": {
      "name": "skill-creator-skill",
      "version": "1.0.1",
      "license": "MIT"
    },
    "packages/web-standards": {
      "name": "web-standards-skill",
      "version": "1.2.0",
      "license": "MIT"
    }
  }
}
